
Microsoft Visual Studio Solution File, Format Version 12.00
# Visual Studio Version 17
VisualStudioVersion = 17.14.36301.6 d17.14
MinimumVisualStudioVersion = 10.0.40219.1
Project("{2150E333-8FDC-42A3-9474-1A3956D46DE8}") = "src", "src", "{02EA681E-C7D8-13C7-8484-4AC65E1B71E8}"
EndProject
Project("{2150E333-8FDC-42A3-9474-1A3956D46DE8}") = "tests", "tests", "{AC2C9BF6-78D9-4692-84EC-5B949634CE96}"
EndProject
Project("{2150E333-8FDC-42A3-9474-1A3956D46DE8}") = "1-Presentation", "1-Presentation", "{FE0FB2DE-A1BF-4DBB-8173-72D1C1218FAA}"
EndProject
Project("{2150E333-8FDC-42A3-9474-1A3956D46DE8}") = "2-Application", "2-Application", "{2AC5A0E7-71D3-4E1B-A053-75B298E8F65F}"
EndProject
Project("{2150E333-8FDC-42A3-9474-1A3956D46DE8}") = "3-Domain", "3-Domain", "{4C380AC7-CED2-4019-A5BC-7AED00E8806D}"
EndProject
Project("{2150E333-8FDC-42A3-9474-1A3956D46DE8}") = "4-Infrastructure", "4-Infrastructure", "{C4D703F3-03F6-4BB3-B0D2-44C20E214637}"
EndProject
Project("{FAE04EC0-301F-11D3-BF4B-00C04F79EFBC}") = "CashFlow.Domain", "CashFlow.Domain\CashFlow.Domain.csproj", "{09634EFC-319E-4970-BC38-F48472BF83AB}"
EndProject
Project("{FAE04EC0-301F-11D3-BF4B-00C04F79EFBC}") = "CashFlow.Infrastructure", "CashFlow.Infrastructure\CashFlow.Infrastructure.csproj", "{87B8301A-6525-484E-89E2-2F3FEB0175AE}"
EndProject
Project("{FAE04EC0-301F-11D3-BF4B-00C04F79EFBC}") = "CashFlow.Application", "CashFlow.Application\CashFlow.Application.csproj", "{817DA97B-1892-4F32-A26B-28CF8416366B}"
EndProject
Project("{FAE04EC0-301F-11D3-BF4B-00C04F79EFBC}") = "CashFlow.API", "CashFlow.API\CashFlow.API.csproj", "{5712ACF5-0EEE-4477-B582-7D5262A3E45B}"
EndProject
Project("{FAE04EC0-301F-11D3-BF4B-00C04F79EFBC}") = "CashFlow.Tests", "CashFlow.Tests\CashFlow.Tests.csproj", "{52F906B8-2770-40D0-BBA3-EBF5BA30DCD9}"
EndProject
Global
	GlobalSection(SolutionConfigurationPlatforms) = preSolution
		Debug|Any CPU = Debug|Any CPU
		Release|Any CPU = Release|Any CPU
	EndGlobalSection
	GlobalSection(ProjectConfigurationPlatforms) = postSolution
		{09634EFC-319E-4970-BC38-F48472BF83AB}.Debug|Any CPU.ActiveCfg = Debug|Any CPU
		{09634EFC-319E-4970-BC38-F48472BF83AB}.Debug|Any CPU.Build.0 = Debug|Any CPU
		{09634EFC-319E-4970-BC38-F48472BF83AB}.Release|Any CPU.ActiveCfg = Release|Any CPU
		{09634EFC-319E-4970-BC38-F48472BF83AB}.Release|Any CPU.Build.0 = Release|Any CPU
		{87B8301A-6525-484E-89E2-2F3FEB0175AE}.Debug|Any CPU.ActiveCfg = Debug|Any CPU
		{87B8301A-6525-484E-89E2-2F3FEB0175AE}.Debug|Any CPU.Build.0 = Debug|Any CPU
		{87B8301A-6525-484E-89E2-2F3FEB0175AE}.Release|Any CPU.ActiveCfg = Release|Any CPU
		{87B8301A-6525-484E-89E2-2F3FEB0175AE}.Release|Any CPU.Build.0 = Release|Any CPU
		{817DA97B-1892-4F32-A26B-28CF8416366B}.Debug|Any CPU.ActiveCfg = Debug|Any CPU
		{817DA97B-1892-4F32-A26B-28CF8416366B}.Debug|Any CPU.Build.0 = Debug|Any CPU
		{817DA97B-1892-4F32-A26B-28CF8416366B}.Release|Any CPU.ActiveCfg = Release|Any CPU
		{817DA97B-1892-4F32-A26B-28CF8416366B}.Release|Any CPU.Build.0 = Release|Any CPU
		{5712ACF5-0EEE-4477-B582-7D5262A3E45B}.Debug|Any CPU.ActiveCfg = Debug|Any CPU
		{5712ACF5-0EEE-4477-B582-7D5262A3E45B}.Debug|Any CPU.Build.0 = Debug|Any CPU
		{5712ACF5-0EEE-4477-B582-7D5262A3E45B}.Release|Any CPU.ActiveCfg = Release|Any CPU
		{5712ACF5-0EEE-4477-B582-7D5262A3E45B}.Release|Any CPU.Build.0 = Release|Any CPU
		{52F906B8-2770-40D0-BBA3-EBF5BA30DCD9}.Debug|Any CPU.ActiveCfg = Debug|Any CPU
		{52F906B8-2770-40D0-BBA3-EBF5BA30DCD9}.Debug|Any CPU.Build.0 = Debug|Any CPU
		{52F906B8-2770-40D0-BBA3-EBF5BA30DCD9}.Release|Any CPU.ActiveCfg = Release|Any CPU
		{52F906B8-2770-40D0-BBA3-EBF5BA30DCD9}.Release|Any CPU.Build.0 = Release|Any CPU
	EndGlobalSection
	GlobalSection(SolutionProperties) = preSolution
		HideSolutionNode = FALSE
	EndGlobalSection
	GlobalSection(NestedProjects) = preSolution
		{FE0FB2DE-A1BF-4DBB-8173-72D1C1218FAA} = {02EA681E-C7D8-13C7-8484-4AC65E1B71E8}
		{2AC5A0E7-71D3-4E1B-A053-75B298E8F65F} = {02EA681E-C7D8-13C7-8484-4AC65E1B71E8}
		{4C380AC7-CED2-4019-A5BC-7AED00E8806D} = {02EA681E-C7D8-13C7-8484-4AC65E1B71E8}
		{C4D703F3-03F6-4BB3-B0D2-44C20E214637} = {02EA681E-C7D8-13C7-8484-4AC65E1B71E8}
		{09634EFC-319E-4970-BC38-F48472BF83AB} = {4C380AC7-CED2-4019-A5BC-7AED00E8806D}
		{87B8301A-6525-484E-89E2-2F3FEB0175AE} = {C4D703F3-03F6-4BB3-B0D2-44C20E214637}
		{817DA97B-1892-4F32-A26B-28CF8416366B} = {2AC5A0E7-71D3-4E1B-A053-75B298E8F65F}
		{5712ACF5-0EEE-4477-B582-7D5262A3E45B} = {FE0FB2DE-A1BF-4DBB-8173-72D1C1218FAA}
		{52F906B8-2770-40D0-BBA3-EBF5BA30DCD9} = {AC2C9BF6-78D9-4692-84EC-5B949634CE96}
	EndGlobalSection
	GlobalSection(ExtensibilityGlobals) = postSolution
		SolutionGuid = {BD9C545E-FAFE-47E3-B411-F79C39CDEE38}
	EndGlobalSection
EndGlobal
